
Microsoft Visual Studio Solution File, Format Version 12.00
# Visual Studio Version 17
VisualStudioVersion = 17.8.34316.72
MinimumVisualStudioVersion = 10.0.40219.1
Project("{FAE04EC0-301F-11D3-BF4B-00C04F79EFBC}") = "Application", "Application\Application.csproj", "{7BFC5F19-80E5-435D-9B8F-6B3BACE23280}"
EndProject
Global
	GlobalSection(SolutionConfigurationPlatforms) = preSolution
		Debug|Any CPU = Debug|Any CPU
		Release|Any CPU = Release|Any CPU
	EndGlobalSection
	GlobalSection(ProjectConfigurationPlatforms) = postSolution
		{7BFC5F19-80E5-435D-9B8F-6B3BACE23280}.Debug|Any CPU.ActiveCfg = Debug|Any CPU
		{7BFC5F19-80E5-435D-9B8F-6B3BACE23280}.Debug|Any CPU.Build.0 = Debug|Any CPU
		{7BFC5F19-80E5-435D-9B8F-6B3BACE23280}.Release|Any CPU.ActiveCfg = Release|Any CPU
		{7BFC5F19-80E5-435D-9B8F-6B3BACE23280}.Release|Any CPU.Build.0 = Release|Any CPU
	EndGlobalSection
	GlobalSection(SolutionProperties) = preSolution
		HideSolutionNode = FALSE
	EndGlobalSection
	GlobalSection(ExtensibilityGlobals) = postSolution
		SolutionGuid = {6736831D-2A38-49E3-AE99-6CDED1ADD079}
	EndGlobalSection
EndGlobal
